
Microsoft Visual Studio Solution File, Format Version 12.00
# Visual Studio Version 17
VisualStudioVersion = 17.14.36414.22 d17.14
MinimumVisualStudioVersion = 10.0.40219.1
Project("{FAE04EC0-301F-11D3-BF4B-00C04F79EFBC}") = "Deportic", "Deportic\Deportic.csproj", "{9B9CECFB-719B-4531-8972-2C0593B7062D}"
EndProject
Global
	GlobalSection(SolutionConfigurationPlatforms) = preSolution
		Debug|Any CPU = Debug|Any CPU
		Release|Any CPU = Release|Any CPU
	EndGlobalSection
	GlobalSection(ProjectConfigurationPlatforms) = postSolution
		{9B9CECFB-719B-4531-8972-2C0593B7062D}.Debug|Any CPU.ActiveCfg = Debug|Any CPU
		{9B9CECFB-719B-4531-8972-2C0593B7062D}.Debug|Any CPU.Build.0 = Debug|Any CPU
		{9B9CECFB-719B-4531-8972-2C0593B7062D}.Release|Any CPU.ActiveCfg = Release|Any CPU
		{9B9CECFB-719B-4531-8972-2C0593B7062D}.Release|Any CPU.Build.0 = Release|Any CPU
	EndGlobalSection
	GlobalSection(SolutionProperties) = preSolution
		HideSolutionNode = FALSE
	EndGlobalSection
	GlobalSection(ExtensibilityGlobals) = postSolution
		SolutionGuid = {28A7AEC6-03A9-4BB4-BAA3-8C6B9AD4CA3E}
	EndGlobalSection
EndGlobal
